
Microsoft Visual Studio Solution File, Format Version 12.00
# Visual Studio Version 17
VisualStudioVersion = 17.2.32630.192
MinimumVisualStudioVersion = 10.0.40219.1
Project("{FAE04EC0-301F-11D3-BF4B-00C04F79EFBC}") = "LINQ_ProductReviewManagement", "LINQ_ProductReviewManagement\LINQ_ProductReviewManagement.csproj", "{B3C7579E-A15A-46ED-B6EB-211F88627105}"
EndProject
Global
	GlobalSection(SolutionConfigurationPlatforms) = preSolution
		Debug|Any CPU = Debug|Any CPU
		Release|Any CPU = Release|Any CPU
	EndGlobalSection
	GlobalSection(ProjectConfigurationPlatforms) = postSolution
		{B3C7579E-A15A-46ED-B6EB-211F88627105}.Debug|Any CPU.ActiveCfg = Debug|Any CPU
		{B3C7579E-A15A-46ED-B6EB-211F88627105}.Debug|Any CPU.Build.0 = Debug|Any CPU
		{B3C7579E-A15A-46ED-B6EB-211F88627105}.Release|Any CPU.ActiveCfg = Release|Any CPU
		{B3C7579E-A15A-46ED-B6EB-211F88627105}.Release|Any CPU.Build.0 = Release|Any CPU
	EndGlobalSection
	GlobalSection(SolutionProperties) = preSolution
		HideSolutionNode = FALSE
	EndGlobalSection
	GlobalSection(ExtensibilityGlobals) = postSolution
		SolutionGuid = {40BE3D5D-48F3-4DCE-B9E8-BA4233D13DFC}
	EndGlobalSection
EndGlobal
